
Microsoft Visual Studio Solution File, Format Version 12.00
# Visual Studio Version 17
VisualStudioVersion = 17.4.33213.308
MinimumVisualStudioVersion = 10.0.40219.1
Project("{FAE04EC0-301F-11D3-BF4B-00C04F79EFBC}") = "Test_FileExplorer", "Test_FileExplorer\Test_FileExplorer.csproj", "{32E1A905-4701-4450-80E2-A6C2D8164E33}"
EndProject
Global
	GlobalSection(SolutionConfigurationPlatforms) = preSolution
		Debug|Any CPU = Debug|Any CPU
		Release|Any CPU = Release|Any CPU
	EndGlobalSection
	GlobalSection(ProjectConfigurationPlatforms) = postSolution
		{32E1A905-4701-4450-80E2-A6C2D8164E33}.Debug|Any CPU.ActiveCfg = Debug|Any CPU
		{32E1A905-4701-4450-80E2-A6C2D8164E33}.Debug|Any CPU.Build.0 = Debug|Any CPU
		{32E1A905-4701-4450-80E2-A6C2D8164E33}.Release|Any CPU.ActiveCfg = Release|Any CPU
		{32E1A905-4701-4450-80E2-A6C2D8164E33}.Release|Any CPU.Build.0 = Release|Any CPU
	EndGlobalSection
	GlobalSection(SolutionProperties) = preSolution
		HideSolutionNode = FALSE
	EndGlobalSection
	GlobalSection(ExtensibilityGlobals) = postSolution
		SolutionGuid = {8F83CFAA-8EFE-41E1-A26A-D79BD9D8170B}
	EndGlobalSection
EndGlobal
